// !$*UTF8*$!
{
	archiveVersion = 1;
	classes = {
	};
	objectVersion = 46;
	objects = {

/* Begin PBXBuildFile section */
		3FB7FC52197DC8CB00A27406 /* Foundation.framework in Frameworks */ = {isa = PBXBuildFile; fileRef = 3FB7FC51197DC8CB00A27406 /* Foundation.framework */; };
		3FB7FC54197DC8CB00A27406 /* CoreGraphics.framework in Frameworks */ = {isa = PBXBuildFile; fileRef = 3FB7FC53197DC8CB00A27406 /* CoreGraphics.framework */; };
		3FB7FC56197DC8CB00A27406 /* UIKit.framework in Frameworks */ = {isa = PBXBuildFile; fileRef = 3FB7FC55197DC8CB00A27406 /* UIKit.framework */; };
		3FB7FC5C197DC8CB00A27406 /* InfoPlist.strings in Resources */ = {isa = PBXBuildFile; fileRef = 3FB7FC5A197DC8CB00A27406 /* InfoPlist.strings */; };
		3FB7FC5E197DC8CB00A27406 /* main.m in Sources */ = {isa = PBXBuildFile; fileRef = 3FB7FC5D197DC8CB00A27406 /* main.m */; };
		3FB7FC62197DC8CB00A27406 /* PLAppDelegate.m in Sources */ = {isa = PBXBuildFile; fileRef = 3FB7FC61197DC8CB00A27406 /* PLAppDelegate.m */; };
		3FB7FC65197DC8CB00A27406 /* Main_iPhone.storyboard in Resources */ = {isa = PBXBuildFile; fileRef = 3FB7FC63197DC8CB00A27406 /* Main_iPhone.storyboard */; };
		3FB7FC6B197DC8CB00A27406 /* PLViewController.m in Sources */ = {isa = PBXBuildFile; fileRef = 3FB7FC6A197DC8CB00A27406 /* PLViewController.m */; };
		3FB7FC6D197DC8CB00A27406 /* Images.xcassets in Resources */ = {isa = PBXBuildFile; fileRef = 3FB7FC6C197DC8CB00A27406 /* Images.xcassets */; };
		3FB7FC74197DC8CB00A27406 /* XCTest.framework in Frameworks */ = {isa = PBXBuildFile; fileRef = 3FB7FC73197DC8CB00A27406 /* XCTest.framework */; };
		3FB7FC75197DC8CB00A27406 /* Foundation.framework in Frameworks */ = {isa = PBXBuildFile; fileRef = 3FB7FC51197DC8CB00A27406 /* Foundation.framework */; };
		3FB7FC76197DC8CB00A27406 /* UIKit.framework in Frameworks */ = {isa = PBXBuildFile; fileRef = 3FB7FC55197DC8CB00A27406 /* UIKit.framework */; };
		3FB7FC7E197DC8CB00A27406 /* InfoPlist.strings in Resources */ = {isa = PBXBuildFile; fileRef = 3FB7FC7C197DC8CB00A27406 /* InfoPlist.strings */; };
		3FB7FC80197DC8CB00A27406 /* RangeSliderTests.m in Sources */ = {isa = PBXBuildFile; fileRef = 3FB7FC7F197DC8CB00A27406 /* RangeSliderTests.m */; };
		3FB7FC91197DCC2400A27406 /* PLRangeSliderView.m in Sources */ = {isa = PBXBuildFile; fileRef = 3FB7FC90197DCC2400A27406 /* PLRangeSliderView.m */; };
/* End PBXBuildFile section */

/* Begin PBXContainerItemProxy section */
		3FB7FC77197DC8CB00A27406 /* PBXContainerItemProxy */ = {
			isa = PBXContainerItemProxy;
			containerPortal = 3FB7FC46197DC8CB00A27406 /* Project object */;
			proxyType = 1;
			remoteGlobalIDString = 3FB7FC4D197DC8CB00A27406;
			remoteInfo = RangeSlider;
		};
/* End PBXContainerItemProxy section */

/* Begin PBXFileReference section */
		3FB7FC4E197DC8CB00A27406 /* RangeSlider.app */ = {isa = PBXFileReference; explicitFileType = wrapper.application; includeInIndex = 0; path = RangeSlider.app; sourceTree = BUILT_PRODUCTS_DIR; };
		3FB7FC51197DC8CB00A27406 /* Foundation.framework */ = {isa = PBXFileReference; lastKnownFileType = wrapper.framework; name = Foundation.framework; path = System/Library/Frameworks/Foundation.framework; sourceTree = SDKROOT; };
		3FB7FC53197DC8CB00A27406 /* CoreGraphics.framework */ = {isa = PBXFileReference; lastKnownFileType = wrapper.framework; name = CoreGraphics.framework; path = System/Library/Frameworks/CoreGraphics.framework; sourceTree = SDKROOT; };
		3FB7FC55197DC8CB00A27406 /* UIKit.framework */ = {isa = PBXFileReference; lastKnownFileType = wrapper.framework; name = UIKit.framework; path = System/Library/Frameworks/UIKit.framework; sourceTree = SDKROOT; };
		3FB7FC59197DC8CB00A27406 /* RangeSlider-Info.plist */ = {isa = PBXFileReference; lastKnownFileType = text.plist.xml; path = "RangeSlider-Info.plist"; sourceTree = "<group>"; };
		3FB7FC5B197DC8CB00A27406 /* en */ = {isa = PBXFileReference; lastKnownFileType = text.plist.strings; name = en; path = en.lproj/InfoPlist.strings; sourceTree = "<group>"; };
		3FB7FC5D197DC8CB00A27406 /* main.m */ = {isa = PBXFileReference; lastKnownFileType = sourcecode.c.objc; path = main.m; sourceTree = "<group>"; };
		3FB7FC5F197DC8CB00A27406 /* RangeSlider-Prefix.pch */ = {isa = PBXFileReference; lastKnownFileType = sourcecode.c.h; path = "RangeSlider-Prefix.pch"; sourceTree = "<group>"; };
		3FB7FC60197DC8CB00A27406 /* PLAppDelegate.h */ = {isa = PBXFileReference; lastKnownFileType = sourcecode.c.h; path = PLAppDelegate.h; sourceTree = "<group>"; };
		3FB7FC61197DC8CB00A27406 /* PLAppDelegate.m */ = {isa = PBXFileReference; lastKnownFileType = sourcecode.c.objc; path = PLAppDelegate.m; sourceTree = "<group>"; };
		3FB7FC64197DC8CB00A27406 /* Base */ = {isa = PBXFileReference; lastKnownFileType = file.storyboard; name = Base; path = Base.lproj/Main_iPhone.storyboard; sourceTree = "<group>"; };
		3FB7FC69197DC8CB00A27406 /* PLViewController.h */ = {isa = PBXFileReference; lastKnownFileType = sourcecode.c.h; path = PLViewController.h; sourceTree = "<group>"; };
		3FB7FC6A197DC8CB00A27406 /* PLViewController.m */ = {isa = PBXFileReference; lastKnownFileType = sourcecode.c.objc; path = PLViewController.m; sourceTree = "<group>"; };
		3FB7FC6C197DC8CB00A27406 /* Images.xcassets */ = {isa = PBXFileReference; lastKnownFileType = folder.assetcatalog; path = Images.xcassets; sourceTree = "<group>"; };
		3FB7FC72197DC8CB00A27406 /* RangeSliderTests.xctest */ = {isa = PBXFileReference; explicitFileType = wrapper.cfbundle; includeInIndex = 0; path = RangeSliderTests.xctest; sourceTree = BUILT_PRODUCTS_DIR; };
		3FB7FC73197DC8CB00A27406 /* XCTest.framework */ = {isa = PBXFileReference; lastKnownFileType = wrapper.framework; name = XCTest.framework; path = Library/Frameworks/XCTest.framework; sourceTree = DEVELOPER_DIR; };
		3FB7FC7B197DC8CB00A27406 /* RangeSliderTests-Info.plist */ = {isa = PBXFileReference; lastKnownFileType = text.plist.xml; path = "RangeSliderTests-Info.plist"; sourceTree = "<group>"; };
		3FB7FC7D197DC8CB00A27406 /* en */ = {isa = PBXFileReference; lastKnownFileType = text.plist.strings; name = en; path = en.lproj/InfoPlist.strings; sourceTree = "<group>"; };
		3FB7FC7F197DC8CB00A27406 /* RangeSliderTests.m */ = {isa = PBXFileReference; lastKnownFileType = sourcecode.c.objc; path = RangeSliderTests.m; sourceTree = "<group>"; };
		3FB7FC8F197DCC2400A27406 /* PLRangeSliderView.h */ = {isa = PBXFileReference; fileEncoding = 4; lastKnownFileType = sourcecode.c.h; path = PLRangeSliderView.h; sourceTree = "<group>"; };
		3FB7FC90197DCC2400A27406 /* PLRangeSliderView.m */ = {isa = PBXFileReference; fileEncoding = 4; lastKnownFileType = sourcecode.c.objc; path = PLRangeSliderView.m; sourceTree = "<group>"; };
/* End PBXFileReference section */

/* Begin PBXFrameworksBuildPhase section */
		3FB7FC4B197DC8CB00A27406 /* Frameworks */ = {
			isa = PBXFrameworksBuildPhase;
			buildActionMask = 2147483647;
			files = (
				3FB7FC54197DC8CB00A27406 /* CoreGraphics.framework in Frameworks */,
				3FB7FC56197DC8CB00A27406 /* UIKit.framework in Frameworks */,
				3FB7FC52197DC8CB00A27406 /* Foundation.framework in Frameworks */,
			);
			runOnlyForDeploymentPostprocessing = 0;
		};
		3FB7FC6F197DC8CB00A27406 /* Frameworks */ = {
			isa = PBXFrameworksBuildPhase;
			buildActionMask = 2147483647;
			files = (
				3FB7FC74197DC8CB00A27406 /* XCTest.framework in Frameworks */,
				3FB7FC76197DC8CB00A27406 /* UIKit.framework in Frameworks */,
				3FB7FC75197DC8CB00A27406 /* Foundation.framework in Frameworks */,
			);
			runOnlyForDeploymentPostprocessing = 0;
		};
/* End PBXFrameworksBuildPhase section */

/* Begin PBXGroup section */
		3FB7FC45197DC8CB00A27406 = {
			isa = PBXGroup;
			children = (
				3FB7FC57197DC8CB00A27406 /* RangeSlider */,
				3FB7FC79197DC8CB00A27406 /* RangeSliderTests */,
				3FB7FC50197DC8CB00A27406 /* Frameworks */,
				3FB7FC4F197DC8CB00A27406 /* Products */,
			);
			sourceTree = "<group>";
		};
		3FB7FC4F197DC8CB00A27406 /* Products */ = {
			isa = PBXGroup;
			children = (
				3FB7FC4E197DC8CB00A27406 /* RangeSlider.app */,
				3FB7FC72197DC8CB00A27406 /* RangeSliderTests.xctest */,
			);
			name = Products;
			sourceTree = "<group>";
		};
		3FB7FC50197DC8CB00A27406 /* Frameworks */ = {
			isa = PBXGroup;
			children = (
				3FB7FC51197DC8CB00A27406 /* Foundation.framework */,
				3FB7FC53197DC8CB00A27406 /* CoreGraphics.framework */,
				3FB7FC55197DC8CB00A27406 /* UIKit.framework */,
				3FB7FC73197DC8CB00A27406 /* XCTest.framework */,
			);
			name = Frameworks;
			sourceTree = "<group>";
		};
		3FB7FC57197DC8CB00A27406 /* RangeSlider */ = {
			isa = PBXGroup;
			children = (
				3FB7FC60197DC8CB00A27406 /* PLAppDelegate.h */,
				3FB7FC61197DC8CB00A27406 /* PLAppDelegate.m */,
				3FB7FC69197DC8CB00A27406 /* PLViewController.h */,
				3FB7FC6A197DC8CB00A27406 /* PLViewController.m */,
				3FB7FC8F197DCC2400A27406 /* PLRangeSliderView.h */,
				3FB7FC90197DCC2400A27406 /* PLRangeSliderView.m */,
				3FB7FC63197DC8CB00A27406 /* Main_iPhone.storyboard */,
				3FB7FC6C197DC8CB00A27406 /* Images.xcassets */,
				3FB7FC58197DC8CB00A27406 /* Supporting Files */,
			);
			path = RangeSlider;
			sourceTree = "<group>";
		};
		3FB7FC58197DC8CB00A27406 /* Supporting Files */ = {
			isa = PBXGroup;
			children = (
				3FB7FC59197DC8CB00A27406 /* RangeSlider-Info.plist */,
				3FB7FC5A197DC8CB00A27406 /* InfoPlist.strings */,
				3FB7FC5D197DC8CB00A27406 /* main.m */,
				3FB7FC5F197DC8CB00A27406 /* RangeSlider-Prefix.pch */,
			);
			name = "Supporting Files";
			sourceTree = "<group>";
		};
		3FB7FC79197DC8CB00A27406 /* RangeSliderTests */ = {
			isa = PBXGroup;
			children = (
				3FB7FC7F197DC8CB00A27406 /* RangeSliderTests.m */,
				3FB7FC7A197DC8CB00A27406 /* Supporting Files */,
			);
			path = RangeSliderTests;
			sourceTree = "<group>";
		};
		3FB7FC7A197DC8CB00A27406 /* Supporting Files */ = {
			isa = PBXGroup;
			children = (
				3FB7FC7B197DC8CB00A27406 /* RangeSliderTests-Info.plist */,
				3FB7FC7C197DC8CB00A27406 /* InfoPlist.strings */,
			);
			name = "Supporting Files";
			sourceTree = "<group>";
		};
/* End PBXGroup section */

/* Begin PBXNativeTarget section */
		3FB7FC4D197DC8CB00A27406 /* RangeSlider */ = {
			isa = PBXNativeTarget;
			buildConfigurationList = 3FB7FC83197DC8CB00A27406 /* Build configuration list for PBXNativeTarget "RangeSlider" */;
			buildPhases = (
				3FB7FC4A197DC8CB00A27406 /* Sources */,
				3FB7FC4B197DC8CB00A27406 /* Frameworks */,
				3FB7FC4C197DC8CB00A27406 /* Resources */,
			);
			buildRules = (
			);
			dependencies = (
			);
			name = RangeSlider;
			productName = RangeSlider;
			productReference = 3FB7FC4E197DC8CB00A27406 /* RangeSlider.app */;
			productType = "com.apple.product-type.application";
		};
		3FB7FC71197DC8CB00A27406 /* RangeSliderTests */ = {
			isa = PBXNativeTarget;
			buildConfigurationList = 3FB7FC86197DC8CB00A27406 /* Build configuration list for PBXNativeTarget "RangeSliderTests" */;
			buildPhases = (
				3FB7FC6E197DC8CB00A27406 /* Sources */,
				3FB7FC6F197DC8CB00A27406 /* Frameworks */,
				3FB7FC70197DC8CB00A27406 /* Resources */,
			);
			buildRules = (
			);
			dependencies = (
				3FB7FC78197DC8CB00A27406 /* PBXTargetDependency */,
			);
			name = RangeSliderTests;
			productName = RangeSliderTests;
			productReference = 3FB7FC72197DC8CB00A27406 /* RangeSliderTests.xctest */;
			productType = "com.apple.product-type.bundle.unit-test";
		};
/* End PBXNativeTarget section */

/* Begin PBXProject section */
		3FB7FC46197DC8CB00A27406 /* Project object */ = {
			isa = PBXProject;
			attributes = {
				CLASSPREFIX = PL;
				LastUpgradeCheck = 0510;
				ORGANIZATIONNAME = "Mob4U IT Solutions";
				TargetAttributes = {
					3FB7FC71197DC8CB00A27406 = {
						TestTargetID = 3FB7FC4D197DC8CB00A27406;
					};
				};
			};
			buildConfigurationList = 3FB7FC49197DC8CB00A27406 /* Build configuration list for PBXProject "RangeSlider" */;
			compatibilityVersion = "Xcode 3.2";
			developmentRegion = English;
			hasScannedForEncodings = 0;
			knownRegions = (
				en,
				Base,
			);
			mainGroup = 3FB7FC45197DC8CB00A27406;
			productRefGroup = 3FB7FC4F197DC8CB00A27406 /* Products */;
			projectDirPath = "";
			projectRoot = "";
			targets = (
				3FB7FC4D197DC8CB00A27406 /* RangeSlider */,
				3FB7FC71197DC8CB00A27406 /* RangeSliderTests */,
			);
		};
/* End PBXProject section */

/* Begin PBXResourcesBuildPhase section */
		3FB7FC4C197DC8CB00A27406 /* Resources */ = {
			isa = PBXResourcesBuildPhase;
			buildActionMask = 2147483647;
			files = (
				3FB7FC6D197DC8CB00A27406 /* Images.xcassets in Resources */,
				3FB7FC65197DC8CB00A27406 /* Main_iPhone.storyboard in Resources */,
				3FB7FC5C197DC8CB00A27406 /* InfoPlist.strings in Resources */,
			);
			runOnlyForDeploymentPostprocessing = 0;
		};
		3FB7FC70197DC8CB00A27406 /* Resources */ = {
			isa = PBXResourcesBuildPhase;
			buildActionMask = 2147483647;
			files = (
				3FB7FC7E197DC8CB00A27406 /* InfoPlist.strings in Resources */,
			);
			runOnlyForDeploymentPostprocessing = 0;
		};
/* End PBXResourcesBuildPhase section */

/* Begin PBXSourcesBuildPhase section */
		3FB7FC4A197DC8CB00A27406 /* Sources */ = {
			isa = PBXSourcesBuildPhase;
			buildActionMask = 2147483647;
			files = (
				3FB7FC62197DC8CB00A27406 /* PLAppDelegate.m in Sources */,
				3FB7FC6B197DC8CB00A27406 /* PLViewController.m in Sources */,
				3FB7FC5E197DC8CB00A27406 /* main.m in Sources */,
				3FB7FC91197DCC2400A27406 /* PLRangeSliderView.m in Sources */,
			);
			runOnlyForDeploymentPostprocessing = 0;
		};
		3FB7FC6E197DC8CB00A27406 /* Sources */ = {
			isa = PBXSourcesBuildPhase;
			buildActionMask = 2147483647;
			files = (
				3FB7FC80197DC8CB00A27406 /* RangeSliderTests.m in Sources */,
			);
			runOnlyForDeploymentPostprocessing = 0;
		};
/* End PBXSourcesBuildPhase section */

/* Begin PBXTargetDependency section */
		3FB7FC78197DC8CB00A27406 /* PBXTargetDependency */ = {
			isa = PBXTargetDependency;
			target = 3FB7FC4D197DC8CB00A27406 /* RangeSlider */;
			targetProxy = 3FB7FC77197DC8CB00A27406 /* PBXContainerItemProxy */;
		};
/* End PBXTargetDependency section */

/* Begin PBXVariantGroup section */
		3FB7FC5A197DC8CB00A27406 /* InfoPlist.strings */ = {
			isa = PBXVariantGroup;
			children = (
				3FB7FC5B197DC8CB00A27406 /* en */,
			);
			name = InfoPlist.strings;
			sourceTree = "<group>";
		};
		3FB7FC63197DC8CB00A27406 /* Main_iPhone.storyboard */ = {
			isa = PBXVariantGroup;
			children = (
				3FB7FC64197DC8CB00A27406 /* Base */,
			);
			name = Main_iPhone.storyboard;
			sourceTree = "<group>";
		};
		3FB7FC7C197DC8CB00A27406 /* InfoPlist.strings */ = {
			isa = PBXVariantGroup;
			children = (
				3FB7FC7D197DC8CB00A27406 /* en */,
			);
			name = InfoPlist.strings;
			sourceTree = "<group>";
		};
/* End PBXVariantGroup section */

/* Begin XCBuildConfiguration section */
		3FB7FC81197DC8CB00A27406 /* Debug */ = {
			isa = XCBuildConfiguration;
			buildSettings = {
				ALWAYS_SEARCH_USER_PATHS = NO;
				CLANG_CXX_LANGUAGE_STANDARD = "gnu++0x";
				CLANG_CXX_LIBRARY = "libc++";
				CLANG_ENABLE_MODULES = YES;
				CLANG_ENABLE_OBJC_ARC = YES;
				CLANG_WARN_BOOL_CONVERSION = YES;
				CLANG_WARN_CONSTANT_CONVERSION = YES;
				CLANG_WARN_DIRECT_OBJC_ISA_USAGE = YES_ERROR;
				CLANG_WARN_EMPTY_BODY = YES;
				CLANG_WARN_ENUM_CONVERSION = YES;
				CLANG_WARN_INT_CONVERSION = YES;
				CLANG_WARN_OBJC_ROOT_CLASS = YES_ERROR;
				CLANG_WARN__DUPLICATE_METHOD_MATCH = YES;
				"CODE_SIGN_IDENTITY[sdk=iphoneos*]" = "iPhone Developer";
				COPY_PHASE_STRIP = NO;
				GCC_C_LANGUAGE_STANDARD = gnu99;
				GCC_DYNAMIC_NO_PIC = NO;
				GCC_OPTIMIZATION_LEVEL = 0;
				GCC_PREPROCESSOR_DEFINITIONS = (
					"DEBUG=1",
					"$(inherited)",
				);
				GCC_SYMBOLS_PRIVATE_EXTERN = NO;
				GCC_WARN_64_TO_32_BIT_CONVERSION = YES;
				GCC_WARN_ABOUT_RETURN_TYPE = YES_ERROR;
				GCC_WARN_UNDECLARED_SELECTOR = YES;
				GCC_WARN_UNINITIALIZED_AUTOS = YES_AGGRESSIVE;
				GCC_WARN_UNUSED_FUNCTION = YES;
				GCC_WARN_UNUSED_VARIABLE = YES;
				IPHONEOS_DEPLOYMENT_TARGET = 6.1;
				ONLY_ACTIVE_ARCH = YES;
				SDKROOT = iphoneos;
				TARGETED_DEVICE_FAMILY = "1,2";
			};
			name = Debug;
		};
		3FB7FC82197DC8CB00A27406 /* Release */ = {
			isa = XCBuildConfiguration;
			buildSettings = {
				ALWAYS_SEARCH_USER_PATHS = NO;
				CLANG_CXX_LANGUAGE_STANDARD = "gnu++0x";
				CLANG_CXX_LIBRARY = "libc++";
				CLANG_ENABLE_MODULES = YES;
				CLANG_ENABLE_OBJC_ARC = YES;
				CLANG_WARN_BOOL_CONVERSION = YES;
				CLANG_WARN_CONSTANT_CONVERSION = YES;
				CLANG_WARN_DIRECT_OBJC_ISA_USAGE = YES_ERROR;
				CLANG_WARN_EMPTY_BODY = YES;
				CLANG_WARN_ENUM_CONVERSION = YES;
				CLANG_WARN_INT_CONVERSION = YES;
				CLANG_WARN_OBJC_ROOT_CLASS = YES_ERROR;
				CLANG_WARN__DUPLICATE_METHOD_MATCH = YES;
				"CODE_SIGN_IDENTITY[sdk=iphoneos*]" = "iPhone Developer";
				COPY_PHASE_STRIP = YES;
				ENABLE_NS_ASSERTIONS = NO;
				GCC_C_LANGUAGE_STANDARD = gnu99;
				GCC_WARN_64_TO_32_BIT_CONVERSION = YES;
				GCC_WARN_ABOUT_RETURN_TYPE = YES_ERROR;
				GCC_WARN_UNDECLARED_SELECTOR = YES;
				GCC_WARN_UNINITIALIZED_AUTOS = YES_AGGRESSIVE;
				GCC_WARN_UNUSED_FUNCTION = YES;
				GCC_WARN_UNUSED_VARIABLE = YES;
				IPHONEOS_DEPLOYMENT_TARGET = 6.1;
				SDKROOT = iphoneos;
				TARGETED_DEVICE_FAMILY = "1,2";
				VALIDATE_PRODUCT = YES;
			};
			name = Release;
		};
		3FB7FC84197DC8CB00A27406 /* Debug */ = {
			isa = XCBuildConfiguration;
			buildSettings = {
				ASSETCATALOG_COMPILER_APPICON_NAME = AppIcon;
				ASSETCATALOG_COMPILER_LAUNCHIMAGE_NAME = LaunchImage;
				GCC_PRECOMPILE_PREFIX_HEADER = YES;
				GCC_PREFIX_HEADER = "RangeSlider/RangeSlider-Prefix.pch";
				INFOPLIST_FILE = "RangeSlider/RangeSlider-Info.plist";
				IPHONEOS_DEPLOYMENT_TARGET = 6.1;
				PRODUCT_NAME = "$(TARGET_NAME)";
				TARGETED_DEVICE_FAMILY = 1;
				WRAPPER_EXTENSION = app;
			};
			name = Debug;
		};
		3FB7FC85197DC8CB00A27406 /* Release */ = {
			isa = XCBuildConfiguration;
			buildSettings = {
				ASSETCATALOG_COMPILER_APPICON_NAME = AppIcon;
				ASSETCATALOG_COMPILER_LAUNCHIMAGE_NAME = LaunchImage;
				GCC_PRECOMPILE_PREFIX_HEADER = YES;
				GCC_PREFIX_HEADER = "RangeSlider/RangeSlider-Prefix.pch";
				INFOPLIST_FILE = "RangeSlider/RangeSlider-Info.plist";
				IPHONEOS_DEPLOYMENT_TARGET = 6.1;
				PRODUCT_NAME = "$(TARGET_NAME)";
				TARGETED_DEVICE_FAMILY = 1;
				WRAPPER_EXTENSION = app;
			};
			name = Release;
		};
		3FB7FC87197DC8CB00A27406 /* Debug */ = {
			isa = XCBuildConfiguration;
			buildSettings = {
				BUNDLE_LOADER = "$(BUILT_PRODUCTS_DIR)/RangeSlider.app/RangeSlider";
				FRAMEWORK_SEARCH_PATHS = (
					"$(SDKROOT)/Developer/Library/Frameworks",
					"$(inherited)",
					"$(DEVELOPER_FRAMEWORKS_DIR)",
				);
				GCC_PRECOMPILE_PREFIX_HEADER = YES;
				GCC_PREFIX_HEADER = "RangeSlider/RangeSlider-Prefix.pch";
				GCC_PREPROCESSOR_DEFINITIONS = (
					"DEBUG=1",
					"$(inherited)",
				);
				INFOPLIST_FILE = "RangeSliderTests/RangeSliderTests-Info.plist";
				PRODUCT_NAME = "$(TARGET_NAME)";
				TEST_HOST = "$(BUNDLE_LOADER)";
				WRAPPER_EXTENSION = xctest;
			};
			name = Debug;
		};
		3FB7FC88197DC8CB00A27406 /* Release */ = {
			isa = XCBuildConfiguration;
			buildSettings = {
				BUNDLE_LOADER = "$(BUILT_PRODUCTS_DIR)/RangeSlider.app/RangeSlider";
				FRAMEWORK_SEARCH_PATHS = (
					"$(SDKROOT)/Developer/Library/Frameworks",
					"$(inherited)",
					"$(DEVELOPER_FRAMEWORKS_DIR)",
				);
				GCC_PRECOMPILE_PREFIX_HEADER = YES;
				GCC_PREFIX_HEADER = "RangeSlider/RangeSlider-Prefix.pch";
				INFOPLIST_FILE = "RangeSliderTests/RangeSliderTests-Info.plist";
				PRODUCT_NAME = "$(TARGET_NAME)";
				TEST_HOST = "$(BUNDLE_LOADER)";
				WRAPPER_EXTENSION = xctest;
			};
			name = Release;
		};
/* End XCBuildConfiguration section */

/* Begin XCConfigurationList section */
		3FB7FC49197DC8CB00A27406 /* Build configuration list for PBXProject "RangeSlider" */ = {
			isa = XCConfigurationList;
			buildConfigurations = (
				3FB7FC81197DC8CB00A27406 /* Debug */,
				3FB7FC82197DC8CB00A27406 /* Release */,
			);
			defaultConfigurationIsVisible = 0;
			defaultConfigurationName = Release;
		};
		3FB7FC83197DC8CB00A27406 /* Build configuration list for PBXNativeTarget "RangeSlider" */ = {
			isa = XCConfigurationList;
			buildConfigurations = (
				3FB7FC84197DC8CB00A27406 /* Debug */,
				3FB7FC85197DC8CB00A27406 /* Release */,
			);
			defaultConfigurationIsVisible = 0;
			defaultConfigurationName = Release;
		};
		3FB7FC86197DC8CB00A27406 /* Build configuration list for PBXNativeTarget "RangeSliderTests" */ = {
			isa = XCConfigurationList;
			buildConfigurations = (
				3FB7FC87197DC8CB00A27406 /* Debug */,
				3FB7FC88197DC8CB00A27406 /* Release */,
			);
			defaultConfigurationIsVisible = 0;
			defaultConfigurationName = Release;
		};
/* End XCConfigurationList section */
	};
	rootObject = 3FB7FC46197DC8CB00A27406 /* Project object */;
}
